
Microsoft Visual Studio Solution File, Format Version 12.00
# Visual Studio Version 16
VisualStudioVersion = 16.0.810.8
MinimumVisualStudioVersion = 10.0.40219.1
Project("{FAE04EC0-301F-11D3-BF4B-00C04F79EFBC}") = "XamlDemo.Android", "XamlDemo.Android\XamlDemo.Android.csproj", "{7CB8F8E1-BF2B-4E55-A5C4-8CE44681BE1C}"
EndProject
Project("{FAE04EC0-301F-11D3-BF4B-00C04F79EFBC}") = "XamlDemo.iOS", "XamlDemo.iOS\XamlDemo.iOS.csproj", "{48BCD791-C573-45B3-ACD1-13D31C2A951E}"
EndProject
Project("{FAE04EC0-301F-11D3-BF4B-00C04F79EFBC}") = "XamlDemo", "XamlDemo\XamlDemo.csproj", "{E29A027E-7919-4374-9F4D-129CB72794D2}"
EndProject
Global
	GlobalSection(SolutionConfigurationPlatforms) = preSolution
		Debug|Any CPU = Debug|Any CPU
		Release|Any CPU = Release|Any CPU
		Debug|iPhoneSimulator = Debug|iPhoneSimulator
		Release|iPhoneSimulator = Release|iPhoneSimulator
		Debug|iPhone = Debug|iPhone
		Release|iPhone = Release|iPhone
	EndGlobalSection
	GlobalSection(ProjectConfigurationPlatforms) = postSolution
		{7CB8F8E1-BF2B-4E55-A5C4-8CE44681BE1C}.Debug|Any CPU.ActiveCfg = Debug|Any CPU
		{7CB8F8E1-BF2B-4E55-A5C4-8CE44681BE1C}.Debug|Any CPU.Build.0 = Debug|Any CPU
		{7CB8F8E1-BF2B-4E55-A5C4-8CE44681BE1C}.Release|Any CPU.ActiveCfg = Release|Any CPU
		{7CB8F8E1-BF2B-4E55-A5C4-8CE44681BE1C}.Release|Any CPU.Build.0 = Release|Any CPU
		{7CB8F8E1-BF2B-4E55-A5C4-8CE44681BE1C}.Debug|iPhoneSimulator.ActiveCfg = Debug|Any CPU
		{7CB8F8E1-BF2B-4E55-A5C4-8CE44681BE1C}.Debug|iPhoneSimulator.Build.0 = Debug|Any CPU
		{7CB8F8E1-BF2B-4E55-A5C4-8CE44681BE1C}.Release|iPhoneSimulator.ActiveCfg = Release|Any CPU
		{7CB8F8E1-BF2B-4E55-A5C4-8CE44681BE1C}.Release|iPhoneSimulator.Build.0 = Release|Any CPU
		{7CB8F8E1-BF2B-4E55-A5C4-8CE44681BE1C}.Debug|iPhone.ActiveCfg = Debug|Any CPU
		{7CB8F8E1-BF2B-4E55-A5C4-8CE44681BE1C}.Debug|iPhone.Build.0 = Debug|Any CPU
		{7CB8F8E1-BF2B-4E55-A5C4-8CE44681BE1C}.Release|iPhone.ActiveCfg = Release|Any CPU
		{7CB8F8E1-BF2B-4E55-A5C4-8CE44681BE1C}.Release|iPhone.Build.0 = Release|Any CPU
		{48BCD791-C573-45B3-ACD1-13D31C2A951E}.Debug|Any CPU.ActiveCfg = Debug|iPhoneSimulator
		{48BCD791-C573-45B3-ACD1-13D31C2A951E}.Debug|Any CPU.Build.0 = Debug|iPhoneSimulator
		{48BCD791-C573-45B3-ACD1-13D31C2A951E}.Release|Any CPU.ActiveCfg = Release|iPhoneSimulator
		{48BCD791-C573-45B3-ACD1-13D31C2A951E}.Release|Any CPU.Build.0 = Release|iPhoneSimulator
		{48BCD791-C573-45B3-ACD1-13D31C2A951E}.Debug|iPhoneSimulator.ActiveCfg = Debug|iPhoneSimulator
		{48BCD791-C573-45B3-ACD1-13D31C2A951E}.Debug|iPhoneSimulator.Build.0 = Debug|iPhoneSimulator
		{48BCD791-C573-45B3-ACD1-13D31C2A951E}.Release|iPhoneSimulator.ActiveCfg = Release|iPhoneSimulator
		{48BCD791-C573-45B3-ACD1-13D31C2A951E}.Release|iPhoneSimulator.Build.0 = Release|iPhoneSimulator
		{48BCD791-C573-45B3-ACD1-13D31C2A951E}.Debug|iPhone.ActiveCfg = Debug|iPhone
		{48BCD791-C573-45B3-ACD1-13D31C2A951E}.Debug|iPhone.Build.0 = Debug|iPhone
		{48BCD791-C573-45B3-ACD1-13D31C2A951E}.Release|iPhone.ActiveCfg = Release|iPhone
		{48BCD791-C573-45B3-ACD1-13D31C2A951E}.Release|iPhone.Build.0 = Release|iPhone
		{E29A027E-7919-4374-9F4D-129CB72794D2}.Debug|Any CPU.ActiveCfg = Debug|Any CPU
		{E29A027E-7919-4374-9F4D-129CB72794D2}.Debug|Any CPU.Build.0 = Debug|Any CPU
		{E29A027E-7919-4374-9F4D-129CB72794D2}.Release|Any CPU.ActiveCfg = Release|Any CPU
		{E29A027E-7919-4374-9F4D-129CB72794D2}.Release|Any CPU.Build.0 = Release|Any CPU
		{E29A027E-7919-4374-9F4D-129CB72794D2}.Debug|iPhoneSimulator.ActiveCfg = Debug|Any CPU
		{E29A027E-7919-4374-9F4D-129CB72794D2}.Debug|iPhoneSimulator.Build.0 = Debug|Any CPU
		{E29A027E-7919-4374-9F4D-129CB72794D2}.Release|iPhoneSimulator.ActiveCfg = Release|Any CPU
		{E29A027E-7919-4374-9F4D-129CB72794D2}.Release|iPhoneSimulator.Build.0 = Release|Any CPU
		{E29A027E-7919-4374-9F4D-129CB72794D2}.Debug|iPhone.ActiveCfg = Debug|Any CPU
		{E29A027E-7919-4374-9F4D-129CB72794D2}.Debug|iPhone.Build.0 = Debug|Any CPU
		{E29A027E-7919-4374-9F4D-129CB72794D2}.Release|iPhone.ActiveCfg = Release|Any CPU
		{E29A027E-7919-4374-9F4D-129CB72794D2}.Release|iPhone.Build.0 = Release|Any CPU
	EndGlobalSection
	GlobalSection(SolutionProperties) = preSolution
		HideSolutionNode = FALSE
	EndGlobalSection
	GlobalSection(ExtensibilityGlobals) = postSolution
		SolutionGuid = {043F9592-6790-494E-A0E1-946C80973F0C}
	EndGlobalSection
EndGlobal
